{
  "nodes": {
    "nixpkgs": {
      "locked": {
        "lastModified": 1724531977,
        "narHash": "sha256-XROVLf9ti4rrNCFLr+DmXRZtPjCQTW4cYy59owTEmxk=",
        "owner": "nixos",
        "repo": "nixpkgs",
        "rev": "2527da1ef492c495d5391f3bcf9c1dd9f4514e32",
        "type": "github"
      },
      "original": {
        "owner": "nixos",
        "ref": "nixos-24.05",
        "repo": "nixpkgs",
        "type": "github"
      }
    },
    "root": {
      "inputs": {
        "nixpkgs": "nixpkgs"
      }
    }
  },
  "root": "root",
  "version": 7
}
